
Microsoft Visual Studio Solution File, Format Version 12.00
# Visual Studio Version 17
VisualStudioVersion = 17.11.35303.130
MinimumVisualStudioVersion = 10.0.40219.1
Project("{8BC9CEB8-8B4A-11D0-8D11-00A0C91BC942}") = "DSA_30", "DSA_30\DSA_30.vcxproj", "{45B3A52D-6A93-4015-B701-27A4845C01EE}"
EndProject
Global
	GlobalSection(SolutionConfigurationPlatforms) = preSolution
		Debug|x64 = Debug|x64
		Debug|x86 = Debug|x86
		Release|x64 = Release|x64
		Release|x86 = Release|x86
	EndGlobalSection
	GlobalSection(ProjectConfigurationPlatforms) = postSolution
		{45B3A52D-6A93-4015-B701-27A4845C01EE}.Debug|x64.ActiveCfg = Debug|x64
		{45B3A52D-6A93-4015-B701-27A4845C01EE}.Debug|x64.Build.0 = Debug|x64
		{45B3A52D-6A93-4015-B701-27A4845C01EE}.Debug|x86.ActiveCfg = Debug|Win32
		{45B3A52D-6A93-4015-B701-27A4845C01EE}.Debug|x86.Build.0 = Debug|Win32
		{45B3A52D-6A93-4015-B701-27A4845C01EE}.Release|x64.ActiveCfg = Release|x64
		{45B3A52D-6A93-4015-B701-27A4845C01EE}.Release|x64.Build.0 = Release|x64
		{45B3A52D-6A93-4015-B701-27A4845C01EE}.Release|x86.ActiveCfg = Release|Win32
		{45B3A52D-6A93-4015-B701-27A4845C01EE}.Release|x86.Build.0 = Release|Win32
	EndGlobalSection
	GlobalSection(SolutionProperties) = preSolution
		HideSolutionNode = FALSE
	EndGlobalSection
	GlobalSection(ExtensibilityGlobals) = postSolution
		SolutionGuid = {1B853C71-FA00-4168-B393-A34ABE04440E}
	EndGlobalSection
EndGlobal
